
Microsoft Visual Studio Solution File, Format Version 12.00
# Visual Studio Version 17
VisualStudioVersion = 17.13.35931.197
MinimumVisualStudioVersion = 10.0.40219.1
Project("{FAE04EC0-301F-11D3-BF4B-00C04F79EFBC}") = "MovieApp.Server", "MovieApp\Server\MovieApp.Server.csproj", "{1B0DB496-42E5-44B5-AB16-003FCC6C4A91}"
EndProject
Project("{FAE04EC0-301F-11D3-BF4B-00C04F79EFBC}") = "MovieApp.Client", "MovieApp\Client\MovieApp.Client.csproj", "{6EF5C17A-EA6B-4028-873E-CF4162B0E9C4}"
EndProject
Project("{FAE04EC0-301F-11D3-BF4B-00C04F79EFBC}") = "MovieApp.Shared", "MovieApp\Shared\MovieApp.Shared.csproj", "{0DF233B0-6D2B-405F-B97F-A0B568D0927E}"
EndProject
Global
	GlobalSection(SolutionConfigurationPlatforms) = preSolution
		Debug|Any CPU = Debug|Any CPU
		Release|Any CPU = Release|Any CPU
	EndGlobalSection
	GlobalSection(ProjectConfigurationPlatforms) = postSolution
		{1B0DB496-42E5-44B5-AB16-003FCC6C4A91}.Debug|Any CPU.ActiveCfg = Debug|Any CPU
		{1B0DB496-42E5-44B5-AB16-003FCC6C4A91}.Debug|Any CPU.Build.0 = Debug|Any CPU
		{1B0DB496-42E5-44B5-AB16-003FCC6C4A91}.Release|Any CPU.ActiveCfg = Release|Any CPU
		{1B0DB496-42E5-44B5-AB16-003FCC6C4A91}.Release|Any CPU.Build.0 = Release|Any CPU
		{6EF5C17A-EA6B-4028-873E-CF4162B0E9C4}.Debug|Any CPU.ActiveCfg = Debug|Any CPU
		{6EF5C17A-EA6B-4028-873E-CF4162B0E9C4}.Debug|Any CPU.Build.0 = Debug|Any CPU
		{6EF5C17A-EA6B-4028-873E-CF4162B0E9C4}.Release|Any CPU.ActiveCfg = Release|Any CPU
		{6EF5C17A-EA6B-4028-873E-CF4162B0E9C4}.Release|Any CPU.Build.0 = Release|Any CPU
		{0DF233B0-6D2B-405F-B97F-A0B568D0927E}.Debug|Any CPU.ActiveCfg = Debug|Any CPU
		{0DF233B0-6D2B-405F-B97F-A0B568D0927E}.Debug|Any CPU.Build.0 = Debug|Any CPU
		{0DF233B0-6D2B-405F-B97F-A0B568D0927E}.Release|Any CPU.ActiveCfg = Release|Any CPU
		{0DF233B0-6D2B-405F-B97F-A0B568D0927E}.Release|Any CPU.Build.0 = Release|Any CPU
	EndGlobalSection
	GlobalSection(SolutionProperties) = preSolution
		HideSolutionNode = FALSE
	EndGlobalSection
	GlobalSection(ExtensibilityGlobals) = postSolution
		SolutionGuid = {250EB682-718B-4FFE-AF35-E5625BAC5924}
	EndGlobalSection
EndGlobal
